
Microsoft Visual Studio Solution File, Format Version 12.00
# Visual Studio 2015
Project("{FAE04EC0-301F-11D3-BF4B-00C04F79EFBC}") = "vr-prana", "vr-prana.csproj", "{D645650F-ECC3-06BE-A82C-A305C88C2C5F}"
EndProject
Project("{FAE04EC0-301F-11D3-BF4B-00C04F79EFBC}") = "vr-prana.Editor", "vr-prana.Editor.csproj", "{BCAF57BE-C4F9-6B03-6A08-D2A4865723B1}"
EndProject
Global
	GlobalSection(SolutionConfigurationPlatforms) = preSolution
		Debug|Any CPU = Debug|Any CPU
		Release|Any CPU = Release|Any CPU
	EndGlobalSection
	GlobalSection(ProjectConfigurationPlatforms) = postSolution
		{D645650F-ECC3-06BE-A82C-A305C88C2C5F}.Debug|Any CPU.ActiveCfg = Debug|Any CPU
		{D645650F-ECC3-06BE-A82C-A305C88C2C5F}.Debug|Any CPU.Build.0 = Debug|Any CPU
		{D645650F-ECC3-06BE-A82C-A305C88C2C5F}.Release|Any CPU.ActiveCfg = Release|Any CPU
		{D645650F-ECC3-06BE-A82C-A305C88C2C5F}.Release|Any CPU.Build.0 = Release|Any CPU
		{BCAF57BE-C4F9-6B03-6A08-D2A4865723B1}.Debug|Any CPU.ActiveCfg = Debug|Any CPU
		{BCAF57BE-C4F9-6B03-6A08-D2A4865723B1}.Debug|Any CPU.Build.0 = Debug|Any CPU
		{BCAF57BE-C4F9-6B03-6A08-D2A4865723B1}.Release|Any CPU.ActiveCfg = Release|Any CPU
		{BCAF57BE-C4F9-6B03-6A08-D2A4865723B1}.Release|Any CPU.Build.0 = Release|Any CPU
	EndGlobalSection
	GlobalSection(SolutionProperties) = preSolution
		HideSolutionNode = FALSE
	EndGlobalSection
EndGlobal
